
Microsoft Visual Studio Solution File, Format Version 12.00
# Visual Studio Version 17
VisualStudioVersion = 17.6.33829.357
MinimumVisualStudioVersion = 10.0.40219.1
Project("{FAE04EC0-301F-11D3-BF4B-00C04F79EFBC}") = "BookStoreApi", "BookStoreApi.csproj", "{676539E9-9380-4164-867A-7ED0F1FBD8C4}"
EndProject
Global
	GlobalSection(SolutionConfigurationPlatforms) = preSolution
		Debug|Any CPU = Debug|Any CPU
		Release|Any CPU = Release|Any CPU
	EndGlobalSection
	GlobalSection(ProjectConfigurationPlatforms) = postSolution
		{676539E9-9380-4164-867A-7ED0F1FBD8C4}.Debug|Any CPU.ActiveCfg = Debug|Any CPU
		{676539E9-9380-4164-867A-7ED0F1FBD8C4}.Debug|Any CPU.Build.0 = Debug|Any CPU
		{676539E9-9380-4164-867A-7ED0F1FBD8C4}.Release|Any CPU.ActiveCfg = Release|Any CPU
		{676539E9-9380-4164-867A-7ED0F1FBD8C4}.Release|Any CPU.Build.0 = Release|Any CPU
	EndGlobalSection
	GlobalSection(SolutionProperties) = preSolution
		HideSolutionNode = FALSE
	EndGlobalSection
	GlobalSection(ExtensibilityGlobals) = postSolution
		SolutionGuid = {A6AF5F49-442D-42A4-9E9E-A1F468AD3F4F}
	EndGlobalSection
EndGlobal
